// !$*UTF8*$!
{
	archiveVersion = 1;
	classes = {
	};
	objectVersion = 56;
	objects = {

/* Begin PBXBuildFile section */
		8B4DD7A42A28E4D5005E68D9 /* BarGraphCard.swift in Sources */ = {isa = PBXBuildFile; fileRef = 8B4DD7A32A28E4D5005E68D9 /* BarGraphCard.swift */; };
		8B4DD7A82A28F04C005E68D9 /* UserDefaultManager.swift in Sources */ = {isa = PBXBuildFile; fileRef = 8B4DD7A72A28F04C005E68D9 /* UserDefaultManager.swift */; };
		8B4DD7AA2A28F12B005E68D9 /* KeyManager.swift in Sources */ = {isa = PBXBuildFile; fileRef = 8B4DD7A92A28F12B005E68D9 /* KeyManager.swift */; };
		8B4DD7AE2A28F38D005E68D9 /* UserDefaultsError.swift in Sources */ = {isa = PBXBuildFile; fileRef = 8B4DD7AD2A28F38D005E68D9 /* UserDefaultsError.swift */; };
		8B90FF712A29B81E002025FA /* SettingGoalView.swift in Sources */ = {isa = PBXBuildFile; fileRef = 8B90FF702A29B81E002025FA /* SettingGoalView.swift */; };
		8BE8C6A82A27320200EC33EB /* ExpenseWhisperAppApp.swift in Sources */ = {isa = PBXBuildFile; fileRef = 8BE8C6A72A27320200EC33EB /* ExpenseWhisperAppApp.swift */; };
		8BE8C6AC2A27320300EC33EB /* Assets.xcassets in Resources */ = {isa = PBXBuildFile; fileRef = 8BE8C6AB2A27320300EC33EB /* Assets.xcassets */; };
		8BE8C6AF2A27320300EC33EB /* Preview Assets.xcassets in Resources */ = {isa = PBXBuildFile; fileRef = 8BE8C6AE2A27320300EC33EB /* Preview Assets.xcassets */; };
		8BE8C6B62A27327D00EC33EB /* MainTabView.swift in Sources */ = {isa = PBXBuildFile; fileRef = 8BE8C6B52A27327D00EC33EB /* MainTabView.swift */; };
		8BE8C6BC2A2732E200EC33EB /* InputError.swift in Sources */ = {isa = PBXBuildFile; fileRef = 8BE8C6BB2A2732E200EC33EB /* InputError.swift */; };
		8BE8C6BE2A27332C00EC33EB /* Cost.swift in Sources */ = {isa = PBXBuildFile; fileRef = 8BE8C6BD2A27332C00EC33EB /* Cost.swift */; };
		8BE8C6C02A27334D00EC33EB /* CostCategory.swift in Sources */ = {isa = PBXBuildFile; fileRef = 8BE8C6BF2A27334D00EC33EB /* CostCategory.swift */; };
		8BE8C6C22A2733AA00EC33EB /* UsedCost.swift in Sources */ = {isa = PBXBuildFile; fileRef = 8BE8C6C12A2733AA00EC33EB /* UsedCost.swift */; };
		8BE8C6C42A2733E500EC33EB /* MainCardData.swift in Sources */ = {isa = PBXBuildFile; fileRef = 8BE8C6C32A2733E500EC33EB /* MainCardData.swift */; };
		8BE8C6C62A27344100EC33EB /* DetailCardData.swift in Sources */ = {isa = PBXBuildFile; fileRef = 8BE8C6C52A27344100EC33EB /* DetailCardData.swift */; };
		8BE8C6C82A27348500EC33EB /* CostListData.swift in Sources */ = {isa = PBXBuildFile; fileRef = 8BE8C6C72A27348500EC33EB /* CostListData.swift */; };
		8BE8C6CE2A27352800EC33EB /* InputView.swift in Sources */ = {isa = PBXBuildFile; fileRef = 8BE8C6CD2A27352800EC33EB /* InputView.swift */; };
		8BE8C6D02A27353500EC33EB /* CostListView.swift in Sources */ = {isa = PBXBuildFile; fileRef = 8BE8C6CF2A27353500EC33EB /* CostListView.swift */; };
		8BE8C6D22A27354000EC33EB /* ListRow.swift in Sources */ = {isa = PBXBuildFile; fileRef = 8BE8C6D12A27354000EC33EB /* ListRow.swift */; };
		8BE8C6D42A27354C00EC33EB /* PlusButton.swift in Sources */ = {isa = PBXBuildFile; fileRef = 8BE8C6D32A27354C00EC33EB /* PlusButton.swift */; };
		8BE8C6D62A27356B00EC33EB /* SettingView.swift in Sources */ = {isa = PBXBuildFile; fileRef = 8BE8C6D52A27356B00EC33EB /* SettingView.swift */; };
		8BE8C6D82A27359600EC33EB /* HomeView.swift in Sources */ = {isa = PBXBuildFile; fileRef = 8BE8C6D72A27359600EC33EB /* HomeView.swift */; };
		8BE8C6DE2A2735E700EC33EB /* DetailCardView.swift in Sources */ = {isa = PBXBuildFile; fileRef = 8BE8C6DD2A2735E700EC33EB /* DetailCardView.swift */; };
		8BE8C6E02A27361100EC33EB /* MainCardView.swift in Sources */ = {isa = PBXBuildFile; fileRef = 8BE8C6DF2A27361100EC33EB /* MainCardView.swift */; };
		8BE8C6E22A27362100EC33EB /* Front.swift in Sources */ = {isa = PBXBuildFile; fileRef = 8BE8C6E12A27362100EC33EB /* Front.swift */; };
		8BE8C6E42A27362A00EC33EB /* Back.swift in Sources */ = {isa = PBXBuildFile; fileRef = 8BE8C6E32A27362A00EC33EB /* Back.swift */; };
		8BE8C6E62A27541600EC33EB /* ChartView.swift in Sources */ = {isa = PBXBuildFile; fileRef = 8BE8C6E52A27541600EC33EB /* ChartView.swift */; };
		8BE8C6EA2A27674900EC33EB /* ChartData.swift in Sources */ = {isa = PBXBuildFile; fileRef = 8BE8C6E92A27674900EC33EB /* ChartData.swift */; };
		8BE8C6EC2A27677D00EC33EB /* CostChart.swift in Sources */ = {isa = PBXBuildFile; fileRef = 8BE8C6EB2A27677D00EC33EB /* CostChart.swift */; };
		8BE8C6EE2A27708500EC33EB /* ChartCard.swift in Sources */ = {isa = PBXBuildFile; fileRef = 8BE8C6ED2A27708500EC33EB /* ChartCard.swift */; };
		8BE8C7152A27830B00EC33EB /* URLManager.swift in Sources */ = {isa = PBXBuildFile; fileRef = 8BE8C7142A27830B00EC33EB /* URLManager.swift */; };
		8BE8C7172A27862C00EC33EB /* TermsOfServiceView.swift in Sources */ = {isa = PBXBuildFile; fileRef = 8BE8C7162A27862C00EC33EB /* TermsOfServiceView.swift */; };
		8BE8C71A2A2786C400EC33EB /* Title.swift in Sources */ = {isa = PBXBuildFile; fileRef = 8BE8C7192A2786C400EC33EB /* Title.swift */; };
		8BE8C71C2A2786CE00EC33EB /* Detail.swift in Sources */ = {isa = PBXBuildFile; fileRef = 8BE8C71B2A2786CE00EC33EB /* Detail.swift */; };
		8BE8C71E2A278C5900EC33EB /* ShareView.swift in Sources */ = {isa = PBXBuildFile; fileRef = 8BE8C71D2A278C5900EC33EB /* ShareView.swift */; };
/* End PBXBuildFile section */

/* Begin PBXFileReference section */
		8B4DD7A32A28E4D5005E68D9 /* BarGraphCard.swift */ = {isa = PBXFileReference; lastKnownFileType = sourcecode.swift; path = BarGraphCard.swift; sourceTree = "<group>"; };
		8B4DD7A72A28F04C005E68D9 /* UserDefaultManager.swift */ = {isa = PBXFileReference; lastKnownFileType = sourcecode.swift; path = UserDefaultManager.swift; sourceTree = "<group>"; };
		8B4DD7A92A28F12B005E68D9 /* KeyManager.swift */ = {isa = PBXFileReference; lastKnownFileType = sourcecode.swift; path = KeyManager.swift; sourceTree = "<group>"; };
		8B4DD7AD2A28F38D005E68D9 /* UserDefaultsError.swift */ = {isa = PBXFileReference; lastKnownFileType = sourcecode.swift; path = UserDefaultsError.swift; sourceTree = "<group>"; };
		8B90FF702A29B81E002025FA /* SettingGoalView.swift */ = {isa = PBXFileReference; lastKnownFileType = sourcecode.swift; path = SettingGoalView.swift; sourceTree = "<group>"; };
		8BE8C6A42A27320200EC33EB /* ExpenseWhisperApp.app */ = {isa = PBXFileReference; explicitFileType = wrapper.application; includeInIndex = 0; path = ExpenseWhisperApp.app; sourceTree = BUILT_PRODUCTS_DIR; };
		8BE8C6A72A27320200EC33EB /* ExpenseWhisperAppApp.swift */ = {isa = PBXFileReference; lastKnownFileType = sourcecode.swift; path = ExpenseWhisperAppApp.swift; sourceTree = "<group>"; };
		8BE8C6AB2A27320300EC33EB /* Assets.xcassets */ = {isa = PBXFileReference; lastKnownFileType = folder.assetcatalog; path = Assets.xcassets; sourceTree = "<group>"; };
		8BE8C6AE2A27320300EC33EB /* Preview Assets.xcassets */ = {isa = PBXFileReference; lastKnownFileType = folder.assetcatalog; path = "Preview Assets.xcassets"; sourceTree = "<group>"; };
		8BE8C6B52A27327D00EC33EB /* MainTabView.swift */ = {isa = PBXFileReference; lastKnownFileType = sourcecode.swift; path = MainTabView.swift; sourceTree = "<group>"; };
		8BE8C6BB2A2732E200EC33EB /* InputError.swift */ = {isa = PBXFileReference; lastKnownFileType = sourcecode.swift; path = InputError.swift; sourceTree = "<group>"; };
		8BE8C6BD2A27332C00EC33EB /* Cost.swift */ = {isa = PBXFileReference; lastKnownFileType = sourcecode.swift; path = Cost.swift; sourceTree = "<group>"; };
		8BE8C6BF2A27334D00EC33EB /* CostCategory.swift */ = {isa = PBXFileReference; lastKnownFileType = sourcecode.swift; path = CostCategory.swift; sourceTree = "<group>"; };
		8BE8C6C12A2733AA00EC33EB /* UsedCost.swift */ = {isa = PBXFileReference; lastKnownFileType = sourcecode.swift; path = UsedCost.swift; sourceTree = "<group>"; };
		8BE8C6C32A2733E500EC33EB /* MainCardData.swift */ = {isa = PBXFileReference; lastKnownFileType = sourcecode.swift; path = MainCardData.swift; sourceTree = "<group>"; };
		8BE8C6C52A27344100EC33EB /* DetailCardData.swift */ = {isa = PBXFileReference; lastKnownFileType = sourcecode.swift; path = DetailCardData.swift; sourceTree = "<group>"; };
		8BE8C6C72A27348500EC33EB /* CostListData.swift */ = {isa = PBXFileReference; lastKnownFileType = sourcecode.swift; path = CostListData.swift; sourceTree = "<group>"; };
		8BE8C6CD2A27352800EC33EB /* InputView.swift */ = {isa = PBXFileReference; lastKnownFileType = sourcecode.swift; path = InputView.swift; sourceTree = "<group>"; };
		8BE8C6CF2A27353500EC33EB /* CostListView.swift */ = {isa = PBXFileReference; lastKnownFileType = sourcecode.swift; path = CostListView.swift; sourceTree = "<group>"; };
		8BE8C6D12A27354000EC33EB /* ListRow.swift */ = {isa = PBXFileReference; lastKnownFileType = sourcecode.swift; path = ListRow.swift; sourceTree = "<group>"; };
		8BE8C6D32A27354C00EC33EB /* PlusButton.swift */ = {isa = PBXFileReference; lastKnownFileType = sourcecode.swift; path = PlusButton.swift; sourceTree = "<group>"; };
		8BE8C6D52A27356B00EC33EB /* SettingView.swift */ = {isa = PBXFileReference; lastKnownFileType = sourcecode.swift; path = SettingView.swift; sourceTree = "<group>"; };
		8BE8C6D72A27359600EC33EB /* HomeView.swift */ = {isa = PBXFileReference; lastKnownFileType = sourcecode.swift; path = HomeView.swift; sourceTree = "<group>"; };
		8BE8C6DD2A2735E700EC33EB /* DetailCardView.swift */ = {isa = PBXFileReference; lastKnownFileType = sourcecode.swift; path = DetailCardView.swift; sourceTree = "<group>"; };
		8BE8C6DF2A27361100EC33EB /* MainCardView.swift */ = {isa = PBXFileReference; lastKnownFileType = sourcecode.swift; path = MainCardView.swift; sourceTree = "<group>"; };
		8BE8C6E12A27362100EC33EB /* Front.swift */ = {isa = PBXFileReference; lastKnownFileType = sourcecode.swift; path = Front.swift; sourceTree = "<group>"; };
		8BE8C6E32A27362A00EC33EB /* Back.swift */ = {isa = PBXFileReference; lastKnownFileType = sourcecode.swift; path = Back.swift; sourceTree = "<group>"; };
		8BE8C6E52A27541600EC33EB /* ChartView.swift */ = {isa = PBXFileReference; lastKnownFileType = sourcecode.swift; path = ChartView.swift; sourceTree = "<group>"; };
		8BE8C6E92A27674900EC33EB /* ChartData.swift */ = {isa = PBXFileReference; lastKnownFileType = sourcecode.swift; path = ChartData.swift; sourceTree = "<group>"; };
		8BE8C6EB2A27677D00EC33EB /* CostChart.swift */ = {isa = PBXFileReference; lastKnownFileType = sourcecode.swift; path = CostChart.swift; sourceTree = "<group>"; };
		8BE8C6ED2A27708500EC33EB /* ChartCard.swift */ = {isa = PBXFileReference; lastKnownFileType = sourcecode.swift; path = ChartCard.swift; sourceTree = "<group>"; };
		8BE8C7142A27830B00EC33EB /* URLManager.swift */ = {isa = PBXFileReference; lastKnownFileType = sourcecode.swift; path = URLManager.swift; sourceTree = "<group>"; };
		8BE8C7162A27862C00EC33EB /* TermsOfServiceView.swift */ = {isa = PBXFileReference; lastKnownFileType = sourcecode.swift; path = TermsOfServiceView.swift; sourceTree = "<group>"; };
		8BE8C7192A2786C400EC33EB /* Title.swift */ = {isa = PBXFileReference; lastKnownFileType = sourcecode.swift; path = Title.swift; sourceTree = "<group>"; };
		8BE8C71B2A2786CE00EC33EB /* Detail.swift */ = {isa = PBXFileReference; lastKnownFileType = sourcecode.swift; path = Detail.swift; sourceTree = "<group>"; };
		8BE8C71D2A278C5900EC33EB /* ShareView.swift */ = {isa = PBXFileReference; lastKnownFileType = sourcecode.swift; path = ShareView.swift; sourceTree = "<group>"; };
/* End PBXFileReference section */

/* Begin PBXFrameworksBuildPhase section */
		8BE8C6A12A27320200EC33EB /* Frameworks */ = {
			isa = PBXFrameworksBuildPhase;
			buildActionMask = 2147483647;
			files = (
			);
			runOnlyForDeploymentPostprocessing = 0;
		};
/* End PBXFrameworksBuildPhase section */

/* Begin PBXGroup section */
		8B4DD7A62A28F036005E68D9 /* Manager */ = {
			isa = PBXGroup;
			children = (
				8BE8C7142A27830B00EC33EB /* URLManager.swift */,
				8B4DD7A72A28F04C005E68D9 /* UserDefaultManager.swift */,
				8B4DD7A92A28F12B005E68D9 /* KeyManager.swift */,
			);
			path = Manager;
			sourceTree = "<group>";
		};
		8BE8C69B2A27320200EC33EB = {
			isa = PBXGroup;
			children = (
				8BE8C6A62A27320200EC33EB /* ExpenseWhisperApp */,
				8BE8C6A52A27320200EC33EB /* Products */,
			);
			sourceTree = "<group>";
		};
		8BE8C6A52A27320200EC33EB /* Products */ = {
			isa = PBXGroup;
			children = (
				8BE8C6A42A27320200EC33EB /* ExpenseWhisperApp.app */,
			);
			name = Products;
			sourceTree = "<group>";
		};
		8BE8C6A62A27320200EC33EB /* ExpenseWhisperApp */ = {
			isa = PBXGroup;
			children = (
				8BE8C6A72A27320200EC33EB /* ExpenseWhisperAppApp.swift */,
				8BE8C6BA2A2732C000EC33EB /* Error */,
				8BE8C6B92A2732B200EC33EB /* ViewModels */,
				8BE8C6B82A2732A900EC33EB /* Views */,
				8BE8C6B72A2732A200EC33EB /* Models */,
				8BE8C6AB2A27320300EC33EB /* Assets.xcassets */,
				8BE8C6AD2A27320300EC33EB /* Preview Content */,
			);
			path = ExpenseWhisperApp;
			sourceTree = "<group>";
		};
		8BE8C6AD2A27320300EC33EB /* Preview Content */ = {
			isa = PBXGroup;
			children = (
				8BE8C6AE2A27320300EC33EB /* Preview Assets.xcassets */,
			);
			path = "Preview Content";
			sourceTree = "<group>";
		};
		8BE8C6B72A2732A200EC33EB /* Models */ = {
			isa = PBXGroup;
			children = (
				8B4DD7A62A28F036005E68D9 /* Manager */,
				8BE8C6EB2A27677D00EC33EB /* CostChart.swift */,
				8BE8C6C12A2733AA00EC33EB /* UsedCost.swift */,
				8BE8C6BF2A27334D00EC33EB /* CostCategory.swift */,
				8BE8C6BD2A27332C00EC33EB /* Cost.swift */,
			);
			path = Models;
			sourceTree = "<group>";
		};
		8BE8C6B82A2732A900EC33EB /* Views */ = {
			isa = PBXGroup;
			children = (
				8BE8C6B52A27327D00EC33EB /* MainTabView.swift */,
				8BE8C6CC2A2734F000EC33EB /* Chart */,
				8BE8C6CB2A2734DF00EC33EB /* List */,
				8BE8C6CA2A2734C800EC33EB /* Setting */,
				8BE8C6C92A2734BE00EC33EB /* Home */,
			);
			path = Views;
			sourceTree = "<group>";
		};
		8BE8C6B92A2732B200EC33EB /* ViewModels */ = {
			isa = PBXGroup;
			children = (
				8BE8C6C32A2733E500EC33EB /* MainCardData.swift */,
				8BE8C6C52A27344100EC33EB /* DetailCardData.swift */,
				8BE8C6C72A27348500EC33EB /* CostListData.swift */,
				8BE8C6E92A27674900EC33EB /* ChartData.swift */,
			);
			path = ViewModels;
			sourceTree = "<group>";
		};
		8BE8C6BA2A2732C000EC33EB /* Error */ = {
			isa = PBXGroup;
			children = (
				8BE8C6BB2A2732E200EC33EB /* InputError.swift */,
				8B4DD7AD2A28F38D005E68D9 /* UserDefaultsError.swift */,
			);
			path = Error;
			sourceTree = "<group>";
		};
		8BE8C6C92A2734BE00EC33EB /* Home */ = {
			isa = PBXGroup;
			children = (
				8BE8C6D72A27359600EC33EB /* HomeView.swift */,
				8BE8C6DC2A2735C300EC33EB /* DetailCard */,
				8BE8C6DB2A2735BB00EC33EB /* MainCard */,
			);
			path = Home;
			sourceTree = "<group>";
		};
		8BE8C6CA2A2734C800EC33EB /* Setting */ = {
			isa = PBXGroup;
			children = (
				8BE8C6D52A27356B00EC33EB /* SettingView.swift */,
				8BE8C71D2A278C5900EC33EB /* ShareView.swift */,
				8B90FF702A29B81E002025FA /* SettingGoalView.swift */,
				8BE8C7182A2786A600EC33EB /* TermsOfService */,
			);
			path = Setting;
			sourceTree = "<group>";
		};
		8BE8C6CB2A2734DF00EC33EB /* List */ = {
			isa = PBXGroup;
			children = (
				8BE8C6CF2A27353500EC33EB /* CostListView.swift */,
				8BE8C6CD2A27352800EC33EB /* InputView.swift */,
				8BE8C6D12A27354000EC33EB /* ListRow.swift */,
				8BE8C6D32A27354C00EC33EB /* PlusButton.swift */,
			);
			path = List;
			sourceTree = "<group>";
		};
		8BE8C6CC2A2734F000EC33EB /* Chart */ = {
			isa = PBXGroup;
			children = (
				8BE8C6E52A27541600EC33EB /* ChartView.swift */,
				8BE8C6ED2A27708500EC33EB /* ChartCard.swift */,
				8B4DD7A32A28E4D5005E68D9 /* BarGraphCard.swift */,
			);
			path = Chart;
			sourceTree = "<group>";
		};
		8BE8C6DB2A2735BB00EC33EB /* MainCard */ = {
			isa = PBXGroup;
			children = (
				8BE8C6DF2A27361100EC33EB /* MainCardView.swift */,
				8BE8C6E12A27362100EC33EB /* Front.swift */,
				8BE8C6E32A27362A00EC33EB /* Back.swift */,
			);
			path = MainCard;
			sourceTree = "<group>";
		};
		8BE8C6DC2A2735C300EC33EB /* DetailCard */ = {
			isa = PBXGroup;
			children = (
				8BE8C6DD2A2735E700EC33EB /* DetailCardView.swift */,
			);
			path = DetailCard;
			sourceTree = "<group>";
		};
		8BE8C7182A2786A600EC33EB /* TermsOfService */ = {
			isa = PBXGroup;
			children = (
				8BE8C7162A27862C00EC33EB /* TermsOfServiceView.swift */,
				8BE8C7192A2786C400EC33EB /* Title.swift */,
				8BE8C71B2A2786CE00EC33EB /* Detail.swift */,
			);
			path = TermsOfService;
			sourceTree = "<group>";
		};
/* End PBXGroup section */

/* Begin PBXNativeTarget section */
		8BE8C6A32A27320200EC33EB /* ExpenseWhisperApp */ = {
			isa = PBXNativeTarget;
			buildConfigurationList = 8BE8C6B22A27320300EC33EB /* Build configuration list for PBXNativeTarget "ExpenseWhisperApp" */;
			buildPhases = (
				8BE8C6A02A27320200EC33EB /* Sources */,
				8BE8C6A12A27320200EC33EB /* Frameworks */,
				8BE8C6A22A27320200EC33EB /* Resources */,
			);
			buildRules = (
			);
			dependencies = (
			);
			name = ExpenseWhisperApp;
			productName = ExpenseWhisperApp;
			productReference = 8BE8C6A42A27320200EC33EB /* ExpenseWhisperApp.app */;
			productType = "com.apple.product-type.application";
		};
/* End PBXNativeTarget section */

/* Begin PBXProject section */
		8BE8C69C2A27320200EC33EB /* Project object */ = {
			isa = PBXProject;
			attributes = {
				BuildIndependentTargetsInParallel = 1;
				LastSwiftUpdateCheck = 1430;
				LastUpgradeCheck = 1430;
				TargetAttributes = {
					8BE8C6A32A27320200EC33EB = {
						CreatedOnToolsVersion = 14.3;
					};
				};
			};
			buildConfigurationList = 8BE8C69F2A27320200EC33EB /* Build configuration list for PBXProject "ExpenseWhisperApp" */;
			compatibilityVersion = "Xcode 14.0";
			developmentRegion = en;
			hasScannedForEncodings = 0;
			knownRegions = (
				en,
				Base,
			);
			mainGroup = 8BE8C69B2A27320200EC33EB;
			productRefGroup = 8BE8C6A52A27320200EC33EB /* Products */;
			projectDirPath = "";
			projectRoot = "";
			targets = (
				8BE8C6A32A27320200EC33EB /* ExpenseWhisperApp */,
			);
		};
/* End PBXProject section */

/* Begin PBXResourcesBuildPhase section */
		8BE8C6A22A27320200EC33EB /* Resources */ = {
			isa = PBXResourcesBuildPhase;
			buildActionMask = 2147483647;
			files = (
				8BE8C6AF2A27320300EC33EB /* Preview Assets.xcassets in Resources */,
				8BE8C6AC2A27320300EC33EB /* Assets.xcassets in Resources */,
			);
			runOnlyForDeploymentPostprocessing = 0;
		};
/* End PBXResourcesBuildPhase section */

/* Begin PBXSourcesBuildPhase section */
		8BE8C6A02A27320200EC33EB /* Sources */ = {
			isa = PBXSourcesBuildPhase;
			buildActionMask = 2147483647;
			files = (
				8B4DD7AA2A28F12B005E68D9 /* KeyManager.swift in Sources */,
				8BE8C6A82A27320200EC33EB /* ExpenseWhisperAppApp.swift in Sources */,
				8BE8C71A2A2786C400EC33EB /* Title.swift in Sources */,
				8BE8C6C22A2733AA00EC33EB /* UsedCost.swift in Sources */,
				8B4DD7A42A28E4D5005E68D9 /* BarGraphCard.swift in Sources */,
				8BE8C6BC2A2732E200EC33EB /* InputError.swift in Sources */,
				8BE8C6E62A27541600EC33EB /* ChartView.swift in Sources */,
				8BE8C6EA2A27674900EC33EB /* ChartData.swift in Sources */,
				8BE8C6D82A27359600EC33EB /* HomeView.swift in Sources */,
				8BE8C6D62A27356B00EC33EB /* SettingView.swift in Sources */,
				8BE8C6C42A2733E500EC33EB /* MainCardData.swift in Sources */,
				8BE8C6C82A27348500EC33EB /* CostListData.swift in Sources */,
				8BE8C6E42A27362A00EC33EB /* Back.swift in Sources */,
				8BE8C6E22A27362100EC33EB /* Front.swift in Sources */,
				8BE8C6DE2A2735E700EC33EB /* DetailCardView.swift in Sources */,
				8B90FF712A29B81E002025FA /* SettingGoalView.swift in Sources */,
				8BE8C71E2A278C5900EC33EB /* ShareView.swift in Sources */,
				8B4DD7AE2A28F38D005E68D9 /* UserDefaultsError.swift in Sources */,
				8BE8C7152A27830B00EC33EB /* URLManager.swift in Sources */,
				8BE8C6E02A27361100EC33EB /* MainCardView.swift in Sources */,
				8BE8C6EC2A27677D00EC33EB /* CostChart.swift in Sources */,
				8BE8C6BE2A27332C00EC33EB /* Cost.swift in Sources */,
				8BE8C6D02A27353500EC33EB /* CostListView.swift in Sources */,
				8BE8C6C02A27334D00EC33EB /* CostCategory.swift in Sources */,
				8BE8C7172A27862C00EC33EB /* TermsOfServiceView.swift in Sources */,
				8BE8C6D22A27354000EC33EB /* ListRow.swift in Sources */,
				8BE8C71C2A2786CE00EC33EB /* Detail.swift in Sources */,
				8B4DD7A82A28F04C005E68D9 /* UserDefaultManager.swift in Sources */,
				8BE8C6EE2A27708500EC33EB /* ChartCard.swift in Sources */,
				8BE8C6CE2A27352800EC33EB /* InputView.swift in Sources */,
				8BE8C6C62A27344100EC33EB /* DetailCardData.swift in Sources */,
				8BE8C6B62A27327D00EC33EB /* MainTabView.swift in Sources */,
				8BE8C6D42A27354C00EC33EB /* PlusButton.swift in Sources */,
			);
			runOnlyForDeploymentPostprocessing = 0;
		};
/* End PBXSourcesBuildPhase section */

/* Begin XCBuildConfiguration section */
		8BE8C6B02A27320300EC33EB /* Debug */ = {
			isa = XCBuildConfiguration;
			buildSettings = {
				ALWAYS_SEARCH_USER_PATHS = NO;
				CLANG_ANALYZER_NONNULL = YES;
				CLANG_ANALYZER_NUMBER_OBJECT_CONVERSION = YES_AGGRESSIVE;
				CLANG_CXX_LANGUAGE_STANDARD = "gnu++20";
				CLANG_ENABLE_MODULES = YES;
				CLANG_ENABLE_OBJC_ARC = YES;
				CLANG_ENABLE_OBJC_WEAK = YES;
				CLANG_WARN_BLOCK_CAPTURE_AUTORELEASING = YES;
				CLANG_WARN_BOOL_CONVERSION = YES;
				CLANG_WARN_COMMA = YES;
				CLANG_WARN_CONSTANT_CONVERSION = YES;
				CLANG_WARN_DEPRECATED_OBJC_IMPLEMENTATIONS = YES;
				CLANG_WARN_DIRECT_OBJC_ISA_USAGE = YES_ERROR;
				CLANG_WARN_DOCUMENTATION_COMMENTS = YES;
				CLANG_WARN_EMPTY_BODY = YES;
				CLANG_WARN_ENUM_CONVERSION = YES;
				CLANG_WARN_INFINITE_RECURSION = YES;
				CLANG_WARN_INT_CONVERSION = YES;
				CLANG_WARN_NON_LITERAL_NULL_CONVERSION = YES;
				CLANG_WARN_OBJC_IMPLICIT_RETAIN_SELF = YES;
				CLANG_WARN_OBJC_LITERAL_CONVERSION = YES;
				CLANG_WARN_OBJC_ROOT_CLASS = YES_ERROR;
				CLANG_WARN_QUOTED_INCLUDE_IN_FRAMEWORK_HEADER = YES;
				CLANG_WARN_RANGE_LOOP_ANALYSIS = YES;
				CLANG_WARN_STRICT_PROTOTYPES = YES;
				CLANG_WARN_SUSPICIOUS_MOVE = YES;
				CLANG_WARN_UNGUARDED_AVAILABILITY = YES_AGGRESSIVE;
				CLANG_WARN_UNREACHABLE_CODE = YES;
				CLANG_WARN__DUPLICATE_METHOD_MATCH = YES;
				COPY_PHASE_STRIP = NO;
				DEBUG_INFORMATION_FORMAT = dwarf;
				ENABLE_STRICT_OBJC_MSGSEND = YES;
				ENABLE_TESTABILITY = YES;
				GCC_C_LANGUAGE_STANDARD = gnu11;
				GCC_DYNAMIC_NO_PIC = NO;
				GCC_NO_COMMON_BLOCKS = YES;
				GCC_OPTIMIZATION_LEVEL = 0;
				GCC_PREPROCESSOR_DEFINITIONS = (
					"DEBUG=1",
					"$(inherited)",
				);
				GCC_WARN_64_TO_32_BIT_CONVERSION = YES;
				GCC_WARN_ABOUT_RETURN_TYPE = YES_ERROR;
				GCC_WARN_UNDECLARED_SELECTOR = YES;
				GCC_WARN_UNINITIALIZED_AUTOS = YES_AGGRESSIVE;
				GCC_WARN_UNUSED_FUNCTION = YES;
				GCC_WARN_UNUSED_VARIABLE = YES;
				IPHONEOS_DEPLOYMENT_TARGET = 16.4;
				MTL_ENABLE_DEBUG_INFO = INCLUDE_SOURCE;
				MTL_FAST_MATH = YES;
				ONLY_ACTIVE_ARCH = YES;
				SDKROOT = iphoneos;
				SWIFT_ACTIVE_COMPILATION_CONDITIONS = DEBUG;
				SWIFT_OPTIMIZATION_LEVEL = "-Onone";
			};
			name = Debug;
		};
		8BE8C6B12A27320300EC33EB /* Release */ = {
			isa = XCBuildConfiguration;
			buildSettings = {
				ALWAYS_SEARCH_USER_PATHS = NO;
				CLANG_ANALYZER_NONNULL = YES;
				CLANG_ANALYZER_NUMBER_OBJECT_CONVERSION = YES_AGGRESSIVE;
				CLANG_CXX_LANGUAGE_STANDARD = "gnu++20";
				CLANG_ENABLE_MODULES = YES;
				CLANG_ENABLE_OBJC_ARC = YES;
				CLANG_ENABLE_OBJC_WEAK = YES;
				CLANG_WARN_BLOCK_CAPTURE_AUTORELEASING = YES;
				CLANG_WARN_BOOL_CONVERSION = YES;
				CLANG_WARN_COMMA = YES;
				CLANG_WARN_CONSTANT_CONVERSION = YES;
				CLANG_WARN_DEPRECATED_OBJC_IMPLEMENTATIONS = YES;
				CLANG_WARN_DIRECT_OBJC_ISA_USAGE = YES_ERROR;
				CLANG_WARN_DOCUMENTATION_COMMENTS = YES;
				CLANG_WARN_EMPTY_BODY = YES;
				CLANG_WARN_ENUM_CONVERSION = YES;
				CLANG_WARN_INFINITE_RECURSION = YES;
				CLANG_WARN_INT_CONVERSION = YES;
				CLANG_WARN_NON_LITERAL_NULL_CONVERSION = YES;
				CLANG_WARN_OBJC_IMPLICIT_RETAIN_SELF = YES;
				CLANG_WARN_OBJC_LITERAL_CONVERSION = YES;
				CLANG_WARN_OBJC_ROOT_CLASS = YES_ERROR;
				CLANG_WARN_QUOTED_INCLUDE_IN_FRAMEWORK_HEADER = YES;
				CLANG_WARN_RANGE_LOOP_ANALYSIS = YES;
				CLANG_WARN_STRICT_PROTOTYPES = YES;
				CLANG_WARN_SUSPICIOUS_MOVE = YES;
				CLANG_WARN_UNGUARDED_AVAILABILITY = YES_AGGRESSIVE;
				CLANG_WARN_UNREACHABLE_CODE = YES;
				CLANG_WARN__DUPLICATE_METHOD_MATCH = YES;
				COPY_PHASE_STRIP = NO;
				DEBUG_INFORMATION_FORMAT = "dwarf-with-dsym";
				ENABLE_NS_ASSERTIONS = NO;
				ENABLE_STRICT_OBJC_MSGSEND = YES;
				GCC_C_LANGUAGE_STANDARD = gnu11;
				GCC_NO_COMMON_BLOCKS = YES;
				GCC_WARN_64_TO_32_BIT_CONVERSION = YES;
				GCC_WARN_ABOUT_RETURN_TYPE = YES_ERROR;
				GCC_WARN_UNDECLARED_SELECTOR = YES;
				GCC_WARN_UNINITIALIZED_AUTOS = YES_AGGRESSIVE;
				GCC_WARN_UNUSED_FUNCTION = YES;
				GCC_WARN_UNUSED_VARIABLE = YES;
				IPHONEOS_DEPLOYMENT_TARGET = 16.4;
				MTL_ENABLE_DEBUG_INFO = NO;
				MTL_FAST_MATH = YES;
				SDKROOT = iphoneos;
				SWIFT_COMPILATION_MODE = wholemodule;
				SWIFT_OPTIMIZATION_LEVEL = "-O";
				VALIDATE_PRODUCT = YES;
			};
			name = Release;
		};
		8BE8C6B32A27320300EC33EB /* Debug */ = {
			isa = XCBuildConfiguration;
			buildSettings = {
				ASSETCATALOG_COMPILER_APPICON_NAME = AppIcon;
				ASSETCATALOG_COMPILER_GLOBAL_ACCENT_COLOR_NAME = AccentColor;
				CODE_SIGN_STYLE = Automatic;
				CURRENT_PROJECT_VERSION = 1;
				DEVELOPMENT_ASSET_PATHS = "\"ExpenseWhisperApp/Preview Content\"";
				DEVELOPMENT_TEAM = 7PSW8M3W4F;
				ENABLE_PREVIEWS = YES;
				GENERATE_INFOPLIST_FILE = YES;
				INFOPLIST_KEY_UIApplicationSceneManifest_Generation = YES;
				INFOPLIST_KEY_UIApplicationSupportsIndirectInputEvents = YES;
				INFOPLIST_KEY_UILaunchScreen_Generation = YES;
				INFOPLIST_KEY_UISupportedInterfaceOrientations_iPad = "UIInterfaceOrientationPortrait UIInterfaceOrientationPortraitUpsideDown UIInterfaceOrientationLandscapeLeft UIInterfaceOrientationLandscapeRight";
				INFOPLIST_KEY_UISupportedInterfaceOrientations_iPhone = "UIInterfaceOrientationPortrait UIInterfaceOrientationLandscapeLeft UIInterfaceOrientationLandscapeRight";
				LD_RUNPATH_SEARCH_PATHS = (
					"$(inherited)",
					"@executable_path/Frameworks",
				);
				MARKETING_VERSION = 1.0;
				PRODUCT_BUNDLE_IDENTIFIER = com.watanabe.ExpenseWhisperApp;
				PRODUCT_NAME = "$(TARGET_NAME)";
				SWIFT_EMIT_LOC_STRINGS = YES;
				SWIFT_VERSION = 5.0;
				TARGETED_DEVICE_FAMILY = "1,2";
			};
			name = Debug;
		};
		8BE8C6B42A27320300EC33EB /* Release */ = {
			isa = XCBuildConfiguration;
			buildSettings = {
				ASSETCATALOG_COMPILER_APPICON_NAME = AppIcon;
				ASSETCATALOG_COMPILER_GLOBAL_ACCENT_COLOR_NAME = AccentColor;
				CODE_SIGN_STYLE = Automatic;
				CURRENT_PROJECT_VERSION = 1;
				DEVELOPMENT_ASSET_PATHS = "\"ExpenseWhisperApp/Preview Content\"";
				DEVELOPMENT_TEAM = 7PSW8M3W4F;
				ENABLE_PREVIEWS = YES;
				GENERATE_INFOPLIST_FILE = YES;
				INFOPLIST_KEY_UIApplicationSceneManifest_Generation = YES;
				INFOPLIST_KEY_UIApplicationSupportsIndirectInputEvents = YES;
				INFOPLIST_KEY_UILaunchScreen_Generation = YES;
				INFOPLIST_KEY_UISupportedInterfaceOrientations_iPad = "UIInterfaceOrientationPortrait UIInterfaceOrientationPortraitUpsideDown UIInterfaceOrientationLandscapeLeft UIInterfaceOrientationLandscapeRight";
				INFOPLIST_KEY_UISupportedInterfaceOrientations_iPhone = "UIInterfaceOrientationPortrait UIInterfaceOrientationLandscapeLeft UIInterfaceOrientationLandscapeRight";
				LD_RUNPATH_SEARCH_PATHS = (
					"$(inherited)",
					"@executable_path/Frameworks",
				);
				MARKETING_VERSION = 1.0;
				PRODUCT_BUNDLE_IDENTIFIER = com.watanabe.ExpenseWhisperApp;
				PRODUCT_NAME = "$(TARGET_NAME)";
				SWIFT_EMIT_LOC_STRINGS = YES;
				SWIFT_VERSION = 5.0;
				TARGETED_DEVICE_FAMILY = "1,2";
			};
			name = Release;
		};
/* End XCBuildConfiguration section */

/* Begin XCConfigurationList section */
		8BE8C69F2A27320200EC33EB /* Build configuration list for PBXProject "ExpenseWhisperApp" */ = {
			isa = XCConfigurationList;
			buildConfigurations = (
				8BE8C6B02A27320300EC33EB /* Debug */,
				8BE8C6B12A27320300EC33EB /* Release */,
			);
			defaultConfigurationIsVisible = 0;
			defaultConfigurationName = Release;
		};
		8BE8C6B22A27320300EC33EB /* Build configuration list for PBXNativeTarget "ExpenseWhisperApp" */ = {
			isa = XCConfigurationList;
			buildConfigurations = (
				8BE8C6B32A27320300EC33EB /* Debug */,
				8BE8C6B42A27320300EC33EB /* Release */,
			);
			defaultConfigurationIsVisible = 0;
			defaultConfigurationName = Release;
		};
/* End XCConfigurationList section */
	};
	rootObject = 8BE8C69C2A27320200EC33EB /* Project object */;
}
